github.com/bilus/dfd v0.0.0-20260827211417-dc01ea4023df h1:YhMHYMFyPLPy0dFVes7QO8U96aCBASAB0uemPNVRUy4=
github.com/bilus/dfd v0.0.0-20260827211417-dc01ea4023df/go.mod h1:I8QMdzY+GIYKYtgVv/dM3ccjsiTsEREErZBlpeCCcdA=
github.com/bilus/dfd v0.0.0-20260926074700-a4a02670b9e2 h1:p/6v494cK1cHjNc7MyojsmRy+Ca+f99MffjbKO+fNcM=
github.com/bilus/dfd v0.0.0-20260926074700-a4a02670b9e2/go.mod h1:I8QMdzY+GIYKYtgVv/dM3ccjsiTsEREErZBlpeCCcdA=
